
Microsoft Visual Studio Solution File, Format Version 12.00
# Visual Studio 15
VisualStudioVersion = 15.0.27428.2015
MinimumVisualStudioVersion = 10.0.40219.1
Project("{FAE04EC0-301F-11D3-BF4B-00C04F79EFBC}") = "CodingGame.UltimateTicTacToe", "CodingGame.UltimateTicTacToe.csproj", "{46543E39-3DDD-461F-81C0-55A831E8256E}"
EndProject
Global
	GlobalSection(SolutionConfigurationPlatforms) = preSolution
		Debug|Any CPU = Debug|Any CPU
		Release|Any CPU = Release|Any CPU
	EndGlobalSection
	GlobalSection(ProjectConfigurationPlatforms) = postSolution
		{46543E39-3DDD-461F-81C0-55A831E8256E}.Debug|Any CPU.ActiveCfg = Debug|Any CPU
		{46543E39-3DDD-461F-81C0-55A831E8256E}.Debug|Any CPU.Build.0 = Debug|Any CPU
		{46543E39-3DDD-461F-81C0-55A831E8256E}.Release|Any CPU.ActiveCfg = Release|Any CPU
		{46543E39-3DDD-461F-81C0-55A831E8256E}.Release|Any CPU.Build.0 = Release|Any CPU
	EndGlobalSection
	GlobalSection(SolutionProperties) = preSolution
		HideSolutionNode = FALSE
	EndGlobalSection
	GlobalSection(ExtensibilityGlobals) = postSolution
		SolutionGuid = {5EC2B2DC-4470-4B1C-82B3-5C8C51B65FE1}
	EndGlobalSection
EndGlobal
